
Microsoft Visual Studio Solution File, Format Version 12.00
# Visual Studio 14
VisualStudioVersion = 14.0.25420.1
MinimumVisualStudioVersion = 10.0.40219.1
Project("{FAE04EC0-301F-11D3-BF4B-00C04F79EFBC}") = "ExtensionMethods", "ExtensionMethods\ExtensionMethods.csproj", "{884D588A-C2B6-43BA-B8E7-5C5091589BEF}"
EndProject
Project("{FAE04EC0-301F-11D3-BF4B-00C04F79EFBC}") = "TestingProgram", "TestingProgram\TestingProgram.csproj", "{BFA56AD1-7D63-4948-BE50-03BA4296F789}"
EndProject
Global
	GlobalSection(SolutionConfigurationPlatforms) = preSolution
		Debug|Any CPU = Debug|Any CPU
		Release|Any CPU = Release|Any CPU
	EndGlobalSection
	GlobalSection(ProjectConfigurationPlatforms) = postSolution
		{884D588A-C2B6-43BA-B8E7-5C5091589BEF}.Debug|Any CPU.ActiveCfg = Debug|Any CPU
		{884D588A-C2B6-43BA-B8E7-5C5091589BEF}.Debug|Any CPU.Build.0 = Debug|Any CPU
		{884D588A-C2B6-43BA-B8E7-5C5091589BEF}.Release|Any CPU.ActiveCfg = Release|Any CPU
		{884D588A-C2B6-43BA-B8E7-5C5091589BEF}.Release|Any CPU.Build.0 = Release|Any CPU
		{BFA56AD1-7D63-4948-BE50-03BA4296F789}.Debug|Any CPU.ActiveCfg = Debug|Any CPU
		{BFA56AD1-7D63-4948-BE50-03BA4296F789}.Debug|Any CPU.Build.0 = Debug|Any CPU
		{BFA56AD1-7D63-4948-BE50-03BA4296F789}.Release|Any CPU.ActiveCfg = Release|Any CPU
		{BFA56AD1-7D63-4948-BE50-03BA4296F789}.Release|Any CPU.Build.0 = Release|Any CPU
	EndGlobalSection
	GlobalSection(SolutionProperties) = preSolution
		HideSolutionNode = FALSE
	EndGlobalSection
EndGlobal
